
Microsoft Visual Studio Solution File, Format Version 12.00
# Visual Studio Version 17
VisualStudioVersion = 17.14.36511.14
MinimumVisualStudioVersion = 10.0.40219.1
Project("{FAE04EC0-301F-11D3-BF4B-00C04F79EFBC}") = "Domain", "Domain\Domain.csproj", "{848CEAD7-5254-4ABB-A29C-1E793478EC2E}"
EndProject
Project("{FAE04EC0-301F-11D3-BF4B-00C04F79EFBC}") = "Application", "Application\Application.csproj", "{424D0FFF-190B-454D-A34C-918976E01C39}"
EndProject
Project("{FAE04EC0-301F-11D3-BF4B-00C04F79EFBC}") = "GastiGo.API", "GastiGo.API\GastiGo.API.csproj", "{65685444-3C7E-4A32-AED9-8296D980BB7F}"
EndProject
Project("{FAE04EC0-301F-11D3-BF4B-00C04F79EFBC}") = "Infrastructure", "Infrastructure\Infrastructure.csproj", "{5872AEB3-BAA3-FE31-B0EB-0FB6DBEDCF83}"
EndProject
Project("{54A90642-561A-4BB1-A94E-469ADEE60C69}") = "GastiGo.WEB", "GastiGo.WEB\GastiGo.WEB.esproj", "{B12B0100-CEF4-F54F-13AE-4564F54E3E2F}"
EndProject
Global
	GlobalSection(SolutionConfigurationPlatforms) = preSolution
		Debug|Any CPU = Debug|Any CPU
		Release|Any CPU = Release|Any CPU
	EndGlobalSection
	GlobalSection(ProjectConfigurationPlatforms) = postSolution
		{848CEAD7-5254-4ABB-A29C-1E793478EC2E}.Debug|Any CPU.ActiveCfg = Debug|Any CPU
		{848CEAD7-5254-4ABB-A29C-1E793478EC2E}.Debug|Any CPU.Build.0 = Debug|Any CPU
		{848CEAD7-5254-4ABB-A29C-1E793478EC2E}.Release|Any CPU.ActiveCfg = Release|Any CPU
		{848CEAD7-5254-4ABB-A29C-1E793478EC2E}.Release|Any CPU.Build.0 = Release|Any CPU
		{424D0FFF-190B-454D-A34C-918976E01C39}.Debug|Any CPU.ActiveCfg = Debug|Any CPU
		{424D0FFF-190B-454D-A34C-918976E01C39}.Debug|Any CPU.Build.0 = Debug|Any CPU
		{424D0FFF-190B-454D-A34C-918976E01C39}.Release|Any CPU.ActiveCfg = Release|Any CPU
		{424D0FFF-190B-454D-A34C-918976E01C39}.Release|Any CPU.Build.0 = Release|Any CPU
		{65685444-3C7E-4A32-AED9-8296D980BB7F}.Debug|Any CPU.ActiveCfg = Debug|Any CPU
		{65685444-3C7E-4A32-AED9-8296D980BB7F}.Debug|Any CPU.Build.0 = Debug|Any CPU
		{65685444-3C7E-4A32-AED9-8296D980BB7F}.Release|Any CPU.ActiveCfg = Release|Any CPU
		{65685444-3C7E-4A32-AED9-8296D980BB7F}.Release|Any CPU.Build.0 = Release|Any CPU
		{5872AEB3-BAA3-FE31-B0EB-0FB6DBEDCF83}.Debug|Any CPU.ActiveCfg = Debug|Any CPU
		{5872AEB3-BAA3-FE31-B0EB-0FB6DBEDCF83}.Debug|Any CPU.Build.0 = Debug|Any CPU
		{5872AEB3-BAA3-FE31-B0EB-0FB6DBEDCF83}.Release|Any CPU.ActiveCfg = Release|Any CPU
		{5872AEB3-BAA3-FE31-B0EB-0FB6DBEDCF83}.Release|Any CPU.Build.0 = Release|Any CPU
		{B12B0100-CEF4-F54F-13AE-4564F54E3E2F}.Debug|Any CPU.ActiveCfg = Debug|Any CPU
		{B12B0100-CEF4-F54F-13AE-4564F54E3E2F}.Debug|Any CPU.Build.0 = Debug|Any CPU
		{B12B0100-CEF4-F54F-13AE-4564F54E3E2F}.Debug|Any CPU.Deploy.0 = Debug|Any CPU
		{B12B0100-CEF4-F54F-13AE-4564F54E3E2F}.Release|Any CPU.ActiveCfg = Release|Any CPU
		{B12B0100-CEF4-F54F-13AE-4564F54E3E2F}.Release|Any CPU.Build.0 = Release|Any CPU
		{B12B0100-CEF4-F54F-13AE-4564F54E3E2F}.Release|Any CPU.Deploy.0 = Release|Any CPU
	EndGlobalSection
	GlobalSection(SolutionProperties) = preSolution
		HideSolutionNode = FALSE
	EndGlobalSection
	GlobalSection(ExtensibilityGlobals) = postSolution
		SolutionGuid = {0E240E32-21C2-48E0-B900-AC74373DEE8B}
	EndGlobalSection
EndGlobal
